
Microsoft Visual Studio Solution File, Format Version 12.00
# Visual Studio Version 17
VisualStudioVersion = 17.2.32630.192
MinimumVisualStudioVersion = 10.0.40219.1
Project("{8BC9CEB8-8B4A-11D0-8D11-00A0C91BC942}") = "siren-hv", "siren-hv\siren-hv.vcxproj", "{DE0C1508-2178-454B-9B30-A553BE770F60}"
EndProject
Global
	GlobalSection(SolutionConfigurationPlatforms) = preSolution
		Debug|x64 = Debug|x64
		Release|x64 = Release|x64
	EndGlobalSection
	GlobalSection(ProjectConfigurationPlatforms) = postSolution
		{DE0C1508-2178-454B-9B30-A553BE770F60}.Debug|x64.ActiveCfg = Debug|x64
		{DE0C1508-2178-454B-9B30-A553BE770F60}.Debug|x64.Build.0 = Debug|x64
		{DE0C1508-2178-454B-9B30-A553BE770F60}.Debug|x64.Deploy.0 = Debug|x64
		{DE0C1508-2178-454B-9B30-A553BE770F60}.Release|x64.ActiveCfg = Release|x64
		{DE0C1508-2178-454B-9B30-A553BE770F60}.Release|x64.Build.0 = Release|x64
		{DE0C1508-2178-454B-9B30-A553BE770F60}.Release|x64.Deploy.0 = Release|x64
	EndGlobalSection
	GlobalSection(SolutionProperties) = preSolution
		HideSolutionNode = FALSE
	EndGlobalSection
	GlobalSection(ExtensibilityGlobals) = postSolution
		SolutionGuid = {CA9F7E86-419D-4B51-8808-D95E246CDB24}
	EndGlobalSection
EndGlobal
