<?xml version="1.0" encoding="utf-8"?>
<Project ToolsVersion="4.0" xmlns="http://schemas.microsoft.com/developer/msbuild/2003">
  <ItemGroup>
    <Filter Include="Source Files">
      <UniqueIdentifier>{4FC737F1-C7A5-4376-A066-2A32D752A2FF}</UniqueIdentifier>
      <Extensions>cpp;c;cc;cxx;def;odl;idl;hpj;bat;asm;asmx</Extensions>
    </Filter>
    <Filter Include="Header Files">
      <UniqueIdentifier>{93995380-89BD-4b04-88EB-625FBE52EBFB}</UniqueIdentifier>
      <Extensions>h;hpp;hxx;hm;inl;inc;xsd</Extensions>
    </Filter>
    <Filter Include="Resource Files">
      <UniqueIdentifier>{67DA6AB6-F800-4c08-8B7A-83BB121AAD01}</UniqueIdentifier>
      <Extensions>rc;ico;cur;bmp;dlg;rc2;rct;bin;rgs;gif;jpg;jpeg;jpe;resx;tiff;tif;png;wav;mfcribbon-ms</Extensions>
    </Filter>
    <Filter Include="Driver Files">
      <UniqueIdentifier>{8E41214B-6785-4CFE-B992-037D68949A14}</UniqueIdentifier>
      <Extensions>inf;inv;inx;mof;mc;</Extensions>
    </Filter>
  </ItemGroup>
  <ItemGroup>
    <ClCompile Include="driver.cpp">
      <Filter>Source Files</Filter>
    </ClCompile>
    <ClCompile Include="driver_irp_handler.cpp">
      <Filter>Source Files</Filter>
    </ClCompile>
    <ClCompile Include="siren\multiprocessor.cpp">
      <Filter>Source Files</Filter>
    </ClCompile>
    <ClCompile Include="siren\address_space.cpp">
      <Filter>Source Files</Filter>
    </ClCompile>
    <ClCompile Include="siren\microsoft_hv\tlfs.hypercalls.cpp">
      <Filter>Source Files</Filter>
    </ClCompile>
    <ClCompile Include="siren\debugging.cpp">
      <Filter>Source Files</Filter>
    </ClCompile>
    <ClCompile Include="siren\memory.cpp">
      <Filter>Source Files</Filter>
    </ClCompile>
    <ClCompile Include="siren\vmx\mshv_hypervisor.cpp">
      <Filter>Source Files</Filter>
    </ClCompile>
    <ClCompile Include="siren\vmx\mshv_vmexit_handler.cpp">
      <Filter>Source Files</Filter>
    </ClCompile>
    <ClCompile Include="siren\x86\memory_caching.cpp">
      <Filter>Source Files</Filter>
    </ClCompile>
    <ClCompile Include="siren\x86\paging.cpp">
      <Filter>Source Files</Filter>
    </ClCompile>
    <ClCompile Include="siren\vmx\dynamic_ept.cpp">
      <Filter>Source Files</Filter>
    </ClCompile>
    <ClCompile Include="siren\vmx\mshv_virtual_cpu.cpp">
      <Filter>Source Files</Filter>
    </ClCompile>
    <ClCompile Include="siren\vmx\msr_bitmap.cpp">
      <Filter>Source Files</Filter>
    </ClCompile>
  </ItemGroup>
  <ItemGroup>
    <ClInclude Include="siren\x86\cpuid.hpp">
      <Filter>Header Files</Filter>
    </ClInclude>
    <ClInclude Include="siren\x86\control_registers.hpp">
      <Filter>Header Files</Filter>
    </ClInclude>
    <ClInclude Include="siren\x86\debug_registers.hpp">
      <Filter>Header Files</Filter>
    </ClInclude>
    <ClInclude Include="siren\x86\flags_register.hpp">
      <Filter>Header Files</Filter>
    </ClInclude>
    <ClInclude Include="siren\x86\paging.hpp">
      <Filter>Header Files</Filter>
    </ClInclude>
    <ClInclude Include="siren\x86\model_specific_registers.hpp">
      <Filter>Header Files</Filter>
    </ClInclude>
    <ClInclude Include="siren\x86\segmentation.hpp">
      <Filter>Header Files</Filter>
    </ClInclude>
    <ClInclude Include="siren\x86\intel_ept.hpp">
      <Filter>Header Files</Filter>
    </ClInclude>
    <ClInclude Include="siren\x86\intel_vmx.hpp">
      <Filter>Header Files</Filter>
    </ClInclude>
    <ClInclude Include="driver.hpp">
      <Filter>Header Files</Filter>
    </ClInclude>
    <ClInclude Include="driver_ioctl_code.hpp">
      <Filter>Header Files</Filter>
    </ClInclude>
    <ClInclude Include="driver_irp_handler.hpp">
      <Filter>Header Files</Filter>
    </ClInclude>
    <ClInclude Include="siren\x86\interrupts_and_excpetions.hpp">
      <Filter>Header Files</Filter>
    </ClInclude>
    <ClInclude Include="siren\x86\simd_registers.hpp">
      <Filter>Header Files</Filter>
    </ClInclude>
    <ClInclude Include="siren\literals.hpp">
      <Filter>Header Files</Filter>
    </ClInclude>
    <ClInclude Include="siren\utility.hpp">
      <Filter>Header Files</Filter>
    </ClInclude>
    <ClInclude Include="siren\multiprocessor.hpp">
      <Filter>Header Files</Filter>
    </ClInclude>
    <ClInclude Include="siren\address_space.hpp">
      <Filter>Header Files</Filter>
    </ClInclude>
    <ClInclude Include="siren\microsoft_hv\tlfs.hpp">
      <Filter>Header Files</Filter>
    </ClInclude>
    <ClInclude Include="siren\microsoft_hv\tlfs.cpuid.hpp">
      <Filter>Header Files</Filter>
    </ClInclude>
    <ClInclude Include="siren\microsoft_hv\tlfs.hypercalls.hpp">
      <Filter>Header Files</Filter>
    </ClInclude>
    <ClInclude Include="siren\microsoft_hv\tlfs.model_specific_registers.hpp">
      <Filter>Header Files</Filter>
    </ClInclude>
    <ClInclude Include="siren\hypervisor.hpp">
      <Filter>Header Files</Filter>
    </ClInclude>
    <ClInclude Include="siren\concepts.hpp">
      <Filter>Header Files</Filter>
    </ClInclude>
    <ClInclude Include="siren\debugging.hpp">
      <Filter>Header Files</Filter>
    </ClInclude>
    <ClInclude Include="siren\memory.hpp">
      <Filter>Header Files</Filter>
    </ClInclude>
    <ClInclude Include="siren\synchronization.hpp">
      <Filter>Header Files</Filter>
    </ClInclude>
    <ClInclude Include="siren\vmx\guest_state.hpp">
      <Filter>Header Files</Filter>
    </ClInclude>
    <ClInclude Include="siren\irql_annotations.hpp">
      <Filter>Header Files</Filter>
    </ClInclude>
    <ClInclude Include="siren\vmx\siren_hypercalls.hpp">
      <Filter>Header Files</Filter>
    </ClInclude>
    <ClInclude Include="siren\nt_status.hpp">
      <Filter>Header Files</Filter>
    </ClInclude>
    <ClInclude Include="siren\vmx\mshv_hypervisor.hpp">
      <Filter>Header Files</Filter>
    </ClInclude>
    <ClInclude Include="siren\vmx\mshv_vmexit_handler.hpp">
      <Filter>Header Files</Filter>
    </ClInclude>
    <ClInclude Include="siren\x86\memory_caching.hpp">
      <Filter>Header Files</Filter>
    </ClInclude>
    <ClInclude Include="siren\vmx\dynamic_ept.hpp">
      <Filter>Header Files</Filter>
    </ClInclude>
    <ClInclude Include="siren\vmx\mshv_virtual_cpu.hpp">
      <Filter>Header Files</Filter>
    </ClInclude>
    <ClInclude Include="siren\virtual_cpu.hpp">
      <Filter>Header Files</Filter>
    </ClInclude>
    <ClInclude Include="siren\vmx\msr_bitmap.hpp">
      <Filter>Header Files</Filter>
    </ClInclude>
  </ItemGroup>
  <ItemGroup>
    <MASM Include="siren\x86\segmentation.asm">
      <Filter>Source Files</Filter>
    </MASM>
    <MASM Include="siren\vmx\siren_hypercalls.asm">
      <Filter>Source Files</Filter>
    </MASM>
    <MASM Include="siren\vmx\mshv_vmexit_handler.masm.asm">
      <Filter>Source Files</Filter>
    </MASM>
  </ItemGroup>
  <ItemGroup>
    <None Include="siren\expected.hpp" />
  </ItemGroup>
</Project>